{
  "version": 4,
  "terraform_version": "1.6.6",
  "serial": 1,
  "lineage": "94ca8d7c-e154-0aae-3101-ed4d8667d7e5",
  "outputs": {},
  "resources": [
    {
      "mode": "managed",
      "type": "aws_vpc",
      "name": "mysecondvpc",
      "provider": "provider[\"registry.terraform.io/hashicorp/aws\"]",
      "instances": [
        {
          "schema_version": 1,
          "attributes": {
            "arn": "arn:aws:ec2:us-west-2:383948105737:vpc/vpc-0a9371c6e470708a6",
            "assign_generated_ipv6_cidr_block": false,
            "cidr_block": "10.100.0.0/16",
            "default_network_acl_id": "acl-0352242216355f4f3",
            "default_route_table_id": "rtb-0a9e6cb01e923ccc2",
            "default_security_group_id": "sg-09e2ea454585b2f15",
            "dhcp_options_id": "dopt-0333dc50fd344a51c",
            "enable_dns_hostnames": false,
            "enable_dns_support": true,
            "enable_network_address_usage_metrics": false,
            "id": "vpc-0a9371c6e470708a6",
            "instance_tenancy": "default",
            "ipv4_ipam_pool_id": null,
            "ipv4_netmask_length": null,
            "ipv6_association_id": "",
            "ipv6_cidr_block": "",
            "ipv6_cidr_block_network_border_group": "",
            "ipv6_ipam_pool_id": "",
            "ipv6_netmask_length": 0,
            "main_route_table_id": "rtb-0a9e6cb01e923ccc2",
            "owner_id": "383948105737",
            "tags": {
              "Name": "vpcwithenvvariable"
            },
            "tags_all": {
              "Name": "vpcwithenvvariable"
            }
          },
          "sensitive_attributes": [],
          "private": "eyJzY2hlbWFfdmVyc2lvbiI6IjEifQ=="
        }
      ]
    }
  ],
  "check_results": null
}
