{
  "version": 4,
  "terraform_version": "1.6.6",
  "serial": 1,
  "lineage": "b2f932ca-6365-71f3-ebf4-a2321285eff6",
  "outputs": {},
  "resources": [
    {
      "mode": "managed",
      "type": "aws_vpc",
      "name": "my_firdt_vpc",
      "provider": "provider[\"registry.terraform.io/hashicorp/aws\"]",
      "instances": [
        {
          "schema_version": 1,
          "attributes": {
            "arn": "arn:aws:ec2:ap-south-1:383948105737:vpc/vpc-0886aa8c6ad4750bd",
            "assign_generated_ipv6_cidr_block": false,
            "cidr_block": "192.168.0.0/16",
            "default_network_acl_id": "acl-058725afa51303c37",
            "default_route_table_id": "rtb-03a6c56bc976cf942",
            "default_security_group_id": "sg-092833e9d55571372",
            "dhcp_options_id": "dopt-0afbc0e288de8e1ce",
            "enable_dns_hostnames": false,
            "enable_dns_support": true,
            "enable_network_address_usage_metrics": false,
            "id": "vpc-0886aa8c6ad4750bd",
            "instance_tenancy": "default",
            "ipv4_ipam_pool_id": null,
            "ipv4_netmask_length": null,
            "ipv6_association_id": "",
            "ipv6_cidr_block": "",
            "ipv6_cidr_block_network_border_group": "",
            "ipv6_ipam_pool_id": "",
            "ipv6_netmask_length": 0,
            "main_route_table_id": "rtb-03a6c56bc976cf942",
            "owner_id": "383948105737",
            "tags": {
              "Name": "myvpcwithvariables"
            },
            "tags_all": {
              "Name": "myvpcwithvariables"
            }
          },
          "sensitive_attributes": [],
          "private": "eyJzY2hlbWFfdmVyc2lvbiI6IjEifQ=="
        }
      ]
    }
  ],
  "check_results": null
}
